<?xml version="1.0" encoding="utf-8"?>
<Project ToolsVersion="4.0" xmlns="http://schemas.microsoft.com/developer/msbuild/2003">
  <ItemGroup>
    <ClCompile Include="External Librairies\IMGUI\imgui.cpp" />
    <ClCompile Include="External Librairies\IMGUI\imgui_demo.cpp" />
    <ClCompile Include="External Librairies\IMGUI\imgui_draw.cpp" />
    <ClCompile Include="External Librairies\IMGUI\imgui_impl_glfw.cpp" />
    <ClCompile Include="External Librairies\IMGUI\imgui_impl_vulkan.cpp" />
    <ClCompile Include="External Librairies\IMGUI\imgui_tables.cpp" />
    <ClCompile Include="External Librairies\IMGUI\imgui_widgets.cpp" />
    <ClCompile Include="GraphicEngine\Camera.cpp" />
    <ClCompile Include="GraphicEngine\VisualGameObject.cpp" />
    <ClCompile Include="GraphicEngine\GraphicDevice.cpp" />
    <ClCompile Include="GraphicEngine\GraphicsMotor.cpp" />
    <ClCompile Include="GraphicEngine\KeyboardInput.cpp" />
    <ClCompile Include="GraphicEngine\Model.cpp" />
    <ClCompile Include="GraphicEngine\Renderer.cpp" />
    <ClCompile Include="GraphicEngine\SimpleRenderSystem.cpp" />
    <ClCompile Include="GraphicEngine\SwapChain.cpp" />
    <ClCompile Include="GraphicEngine\VKPipeline.cpp" />
    <ClCompile Include="GraphicEngine\VulkanHandler.cpp" />
    <ClCompile Include="GraphicEngine\Window.cpp" />
    <ClCompile Include="MathPhysicEngine\Collisions\NaiveParticleContactGenerator.cpp" />
    <ClCompile Include="MathPhysicEngine\Collisions\ParticleCable.cpp" />
    <ClCompile Include="MathPhysicEngine\Collisions\ParticleContact.cpp" />
    <ClCompile Include="MathPhysicEngine\Collisions\ParticleContactResolver.cpp" />
    <ClCompile Include="MathPhysicEngine\Collisions\ParticleLink.cpp" />
    <ClCompile Include="MathPhysicEngine\Collisions\ParticleRod.cpp" />
    <ClCompile Include="MathPhysicEngine\Forces\ParticleForceRegistry.cpp" />
    <ClCompile Include="Sources\GameObject.cpp" />
    <ClCompile Include="Sources\ImGuiEngine.cpp" />
    <ClCompile Include="MathPhysicEngine\MathPhysicEngine.cpp" />
    <ClCompile Include="MathPhysicEngine\Particle.cpp" />
    <ClCompile Include="Sources\main.cpp" />
    <ClCompile Include="MathPhysicEngine\Vecteur3D.cpp" />
    <ClCompile Include="MathPhysicEngine\Rigidbody\Quaternion.cpp" />
    <ClCompile Include="MathPhysicEngine\Rigidbody\Matrix33.cpp" />
    <ClCompile Include="MathPhysicEngine\Rigidbody\Matrix34.cpp" />
    <ClCompile Include="MathPhysicEngine\Forces\ParticuleForces\ConstantForce.cpp" />
    <ClCompile Include="MathPhysicEngine\Forces\ParticuleForces\InputForce.cpp" />
    <ClCompile Include="MathPhysicEngine\Forces\ParticuleForces\ParticleAnchoredSpring.cpp" />
    <ClCompile Include="MathPhysicEngine\Forces\ParticuleForces\ParticleDrag.cpp" />
    <ClCompile Include="MathPhysicEngine\Forces\ParticuleForces\ParticleElasticBungee.cpp" />
    <ClCompile Include="MathPhysicEngine\Forces\ParticuleForces\ParticleGravity.cpp" />
    <ClCompile Include="MathPhysicEngine\Forces\ParticuleForces\ParticleSpring.cpp" />
    <ClCompile Include="MathPhysicEngine\Forces\RigidBodyForceRegistry.cpp" />
    <ClCompile Include="MathPhysicEngine\Forces\RigidBodyForces\RigidBodySpring.cpp" />
    <ClCompile Include="MathPhysicEngine\Forces\RigidBodyForces\RigidBodyGravity.cpp" />
    <ClCompile Include="MathPhysicEngine\Rigidbody\RigidBody.cpp" />
    <ClCompile Include="GraphicEngine\lve_buffer.cpp" />
    <ClCompile Include="GraphicEngine\lve_descriptors.cpp" />
    <ClCompile Include="GraphicEngine\PointLightSystem.cpp" />
    <ClCompile Include="MathPhysicEngine\BroadPhase\Grid.cpp" />
  </ItemGroup>
  <ItemGroup>
    <ClInclude Include="External Librairies\IMGUI\imconfig.h" />
    <ClInclude Include="External Librairies\IMGUI\imgui.h" />
    <ClInclude Include="External Librairies\IMGUI\imgui_impl_glfw.h" />
    <ClInclude Include="External Librairies\IMGUI\imgui_impl_vulkan.h" />
    <ClInclude Include="External Librairies\IMGUI\imgui_internal.h" />
    <ClInclude Include="External Librairies\IMGUI\imstb_textedit.h" />
    <ClInclude Include="GraphicEngine\Camera.h" />
    <ClInclude Include="GraphicEngine\VisualGameObject.h" />
    <ClInclude Include="GraphicEngine\GraphicDevice.h" />
    <ClInclude Include="GraphicEngine\GraphicsMotor.h" />
    <ClInclude Include="GraphicEngine\KeyboardInput.h" />
    <ClInclude Include="GraphicEngine\Model.h" />
    <ClInclude Include="GraphicEngine\Renderer.h" />
    <ClInclude Include="GraphicEngine\SimpleRenderSystem.h" />
    <ClInclude Include="GraphicEngine\SwapChain.h" />
    <ClInclude Include="GraphicEngine\Utils.h" />
    <ClInclude Include="GraphicEngine\VKPipeline.h" />
    <ClInclude Include="GraphicEngine\VulkanHandler.h" />
    <ClInclude Include="GraphicEngine\Window.h" />
    <ClInclude Include="MathPhysicEngine\Collisions\NaiveParticleContactGenerator.h" />
    <ClInclude Include="MathPhysicEngine\Collisions\ParticleCable.h" />
    <ClInclude Include="MathPhysicEngine\Collisions\ParticleContact.h" />
    <ClInclude Include="MathPhysicEngine\Collisions\ParticleContactGenerator.h" />
    <ClInclude Include="MathPhysicEngine\Collisions\ParticleContactResolver.h" />
    <ClInclude Include="MathPhysicEngine\Collisions\ParticleLink.h" />
    <ClInclude Include="MathPhysicEngine\Collisions\ParticleRod.h" />
    <ClInclude Include="MathPhysicEngine\Vecteur3D.h" />
    <ClInclude Include="MathPhysicEngine\Forces\ParticleForceRegistry.h" />
    <ClInclude Include="Headers\Component.h" />
    <ClInclude Include="Sources\GameObject.h" />
    <ClInclude Include="Sources\ImGuiEngine.h" />
    <ClInclude Include="MathPhysicEngine\MathPhysicEngine.h" />
    <ClInclude Include="MathPhysicEngine\Particle.h" />
    <ClInclude Include="MathPhysicEngine\Rigidbody\Quaternion.h" />
    <ClInclude Include="MathPhysicEngine\Rigidbody\Matrix33.h" />
    <ClInclude Include="MathPhysicEngine\Rigidbody\Matrix34.h" />
    <ClInclude Include="MathPhysicEngine\Forces\ParticuleForces\ConstantForce.h" />
    <ClInclude Include="MathPhysicEngine\Forces\ParticuleForces\InputForce.h" />
    <ClInclude Include="MathPhysicEngine\Forces\ParticuleForces\ParticleAnchoredSpring.h" />
    <ClInclude Include="MathPhysicEngine\Forces\ParticuleForces\ParticleDrag.h" />
    <ClInclude Include="MathPhysicEngine\Forces\ParticuleForces\ParticleElasticBungee.h" />
    <ClInclude Include="MathPhysicEngine\Forces\ParticuleForces\ParticleGravity.h" />
    <ClInclude Include="MathPhysicEngine\Forces\ParticuleForces\ParticleSpring.h" />
    <ClInclude Include="MathPhysicEngine\Forces\ParticuleForces\ParticuleForceGenerator.h" />
    <ClInclude Include="MathPhysicEngine\Forces\RigidBodyForceRegistry.h" />
    <ClInclude Include="MathPhysicEngine\Forces\RigidBodyForces\RigidBodySpring.h" />
    <ClInclude Include="MathPhysicEngine\Forces\RigidBodyForces\RigidBodyForceGenerator.h" />
    <ClInclude Include="MathPhysicEngine\Forces\RigidBodyForces\RigidBodyGravity.h" />
    <ClInclude Include="MathPhysicEngine\Rigidbody\RigidBody.h" />
    <ClInclude Include="GraphicEngine\lve_buffer.h" />
    <ClInclude Include="GraphicEngine\lve_frame_info.h" />
    <ClInclude Include="GraphicEngine\lve_descriptors.h" />
    <ClInclude Include="GraphicEngine\PointLightSystem.h" />
    <ClInclude Include="MathPhysicEngine\BroadPhase\Grid.h" />
    <ClInclude Include="MathPhysicEngine\BroadPhase\BoundingSphere.h" />
    <ClInclude Include="MathPhysicEngine\BroadPhase\Bounding.h" />
    <ClInclude Include="MathPhysicEngine\BroadPhase\BoundingBox.h" />
    <ClInclude Include="Sources\Transform.h" />
  </ItemGroup>
  <ItemGroup>
    <Text Include="Readme.txt" />
  </ItemGroup>
</Project>