<?xml version="1.0" encoding="utf-8"?>
<Project ToolsVersion="4.0" xmlns="http://schemas.microsoft.com/developer/msbuild/2003">
  <ItemGroup>
    <ClCompile Include="External Librairies\IMGUI\imgui.cpp" />
    <ClCompile Include="External Librairies\IMGUI\imgui_demo.cpp" />
    <ClCompile Include="External Librairies\IMGUI\imgui_draw.cpp" />
    <ClCompile Include="External Librairies\IMGUI\imgui_impl_glfw.cpp" />
    <ClCompile Include="External Librairies\IMGUI\imgui_impl_vulkan.cpp" />
    <ClCompile Include="External Librairies\IMGUI\imgui_tables.cpp" />
    <ClCompile Include="External Librairies\IMGUI\imgui_widgets.cpp" />
    <ClCompile Include="GraphicEngine\Camera.cpp" />
    <ClCompile Include="GraphicEngine\VisualGameObject.cpp" />
    <ClCompile Include="GraphicEngine\GraphicDevice.cpp" />
    <ClCompile Include="GraphicEngine\GraphicsMotor.cpp" />
    <ClCompile Include="GraphicEngine\KeyboardInput.cpp" />
    <ClCompile Include="GraphicEngine\Model.cpp" />
    <ClCompile Include="GraphicEngine\Renderer.cpp" />
    <ClCompile Include="GraphicEngine\SimpleRenderSystem.cpp" />
    <ClCompile Include="GraphicEngine\SwapChain.cpp" />
    <ClCompile Include="GraphicEngine\VKPipeline.cpp" />
    <ClCompile Include="GraphicEngine\VulkanHandler.cpp" />
    <ClCompile Include="GraphicEngine\Window.cpp" />
    <ClCompile Include="MathPhysicEngine\Collisions\NaiveParticleContactGenerator.cpp" />
    <ClCompile Include="MathPhysicEngine\Collisions\ParticleCable.cpp" />
    <ClCompile Include="MathPhysicEngine\Collisions\ParticleContact.cpp" />
    <ClCompile Include="MathPhysicEngine\Collisions\ParticleContactResolver.cpp" />
    <ClCompile Include="MathPhysicEngine\Collisions\ParticleLink.cpp" />
    <ClCompile Include="MathPhysicEngine\Collisions\ParticleRod.cpp" />
    <ClCompile Include="MathPhysicEngine\Forces\ConstantForce.cpp" />
    <ClCompile Include="MathPhysicEngine\Forces\ParticleAnchoredSpring.cpp" />
    <ClCompile Include="MathPhysicEngine\Forces\ParticleForceGenerator.cpp" />
    <ClCompile Include="MathPhysicEngine\Forces\ParticleForceRegistry.cpp" />
    <ClCompile Include="MathPhysicEngine\Forces\ParticleGravity.cpp" />
    <ClCompile Include="MathPhysicEngine\Forces\ParticleDrag.cpp" />
    <ClCompile Include="MathPhysicEngine\Forces\ParticleSpring.cpp" />
    <ClCompile Include="Sources\GameObject.cpp" />
    <ClCompile Include="Sources\ImGuiEngine.cpp" />
    <ClCompile Include="MathPhysicEngine\MathPhysicEngine.cpp" />
    <ClCompile Include="MathPhysicEngine\Particle.cpp" />
    <ClCompile Include="Sources\main.cpp" />
    <ClCompile Include="MathPhysicEngine\Vecteur3D.cpp" />
    <ClCompile Include="MathPhysicEngine\Forces\ParticleElasticBungee.cpp" />
  </ItemGroup>
  <ItemGroup>
    <ClInclude Include="External Librairies\IMGUI\imconfig.h" />
    <ClInclude Include="External Librairies\IMGUI\imgui.h" />
    <ClInclude Include="External Librairies\IMGUI\imgui_impl_glfw.h" />
    <ClInclude Include="External Librairies\IMGUI\imgui_impl_vulkan.h" />
    <ClInclude Include="External Librairies\IMGUI\imgui_internal.h" />
    <ClInclude Include="External Librairies\IMGUI\imstb_textedit.h" />
    <ClInclude Include="GraphicEngine\Camera.h" />
    <ClInclude Include="GraphicEngine\VisualGameObject.h" />
    <ClInclude Include="GraphicEngine\GraphicDevice.h" />
    <ClInclude Include="GraphicEngine\GraphicsMotor.h" />
    <ClInclude Include="GraphicEngine\KeyboardInput.h" />
    <ClInclude Include="GraphicEngine\Model.h" />
    <ClInclude Include="GraphicEngine\Renderer.h" />
    <ClInclude Include="GraphicEngine\SimpleRenderSystem.h" />
    <ClInclude Include="GraphicEngine\SwapChain.h" />
    <ClInclude Include="GraphicEngine\Utils.h" />
    <ClInclude Include="GraphicEngine\VKPipeline.h" />
    <ClInclude Include="GraphicEngine\VulkanHandler.h" />
    <ClInclude Include="GraphicEngine\Window.h" />
    <ClInclude Include="MathPhysicEngine\Collisions\NaiveParticleContactGenerator.h" />
    <ClInclude Include="MathPhysicEngine\Collisions\ParticleCable.h" />
    <ClInclude Include="MathPhysicEngine\Collisions\ParticleContact.h" />
    <ClInclude Include="MathPhysicEngine\Collisions\ParticleContactGenerator.h" />
    <ClInclude Include="MathPhysicEngine\Collisions\ParticleContactResolver.h" />
    <ClInclude Include="MathPhysicEngine\Collisions\ParticleLink.h" />
    <ClInclude Include="MathPhysicEngine\Collisions\ParticleRod.h" />
    <ClInclude Include="MathPhysicEngine\Forces\ConstantForce.h" />
    <ClInclude Include="MathPhysicEngine\Forces\ParticleAnchoredSpring.h" />
    <ClInclude Include="MathPhysicEngine\Forces\ParticleSpring.h" />
    <ClInclude Include="MathPhysicEngine\Vecteur3D.h" />
    <ClInclude Include="MathPhysicEngine\Forces\ParticleForceGenerator.h" />
    <ClInclude Include="MathPhysicEngine\Forces\ParticleForceRegistry.h" />
    <ClInclude Include="MathPhysicEngine\Forces\ParticleGravity.h" />
    <ClInclude Include="MathPhysicEngine\Forces\ParticleDrag.h" />
    <ClInclude Include="Headers\Component.h" />
    <ClInclude Include="Sources\GameObject.h" />
    <ClInclude Include="Sources\ImGuiEngine.h" />
    <ClInclude Include="MathPhysicEngine\MathPhysicEngine.h" />
    <ClInclude Include="MathPhysicEngine\Particle.h" />
    <ClInclude Include="MathPhysicEngine\Forces\ParticleElasticBungee.h" />
  </ItemGroup>
  <ItemGroup>
    <Text Include="Readme.txt" />
  </ItemGroup>
</Project>